
Microsoft Visual Studio Solution File, Format Version 12.00
# Visual Studio Version 16
VisualStudioVersion = 16.0.29728.190
MinimumVisualStudioVersion = 10.0.40219.1
Project("{FAE04EC0-301F-11D3-BF4B-00C04F79EFBC}") = "WindowsFormsApp1", "WindowsFormsApp1\WindowsFormsApp1.csproj", "{4304784A-E81F-4276-95B7-E868DEE948D5}"
EndProject
Project("{FAE04EC0-301F-11D3-BF4B-00C04F79EFBC}") = "Business", "..\Business\Business.csproj", "{5AE5BD8D-F161-49B3-97A7-F0877E812136}"
EndProject
Project("{FAE04EC0-301F-11D3-BF4B-00C04F79EFBC}") = "DataAccessLayer", "..\DataAccessLayer\DataAccessLayer.csproj", "{B55030EA-3526-48AE-BF4C-70888F74F227}"
EndProject
Global
	GlobalSection(SolutionConfigurationPlatforms) = preSolution
		Debug|Any CPU = Debug|Any CPU
		Release|Any CPU = Release|Any CPU
	EndGlobalSection
	GlobalSection(ProjectConfigurationPlatforms) = postSolution
		{4304784A-E81F-4276-95B7-E868DEE948D5}.Debug|Any CPU.ActiveCfg = Debug|Any CPU
		{4304784A-E81F-4276-95B7-E868DEE948D5}.Debug|Any CPU.Build.0 = Debug|Any CPU
		{4304784A-E81F-4276-95B7-E868DEE948D5}.Release|Any CPU.ActiveCfg = Release|Any CPU
		{4304784A-E81F-4276-95B7-E868DEE948D5}.Release|Any CPU.Build.0 = Release|Any CPU
		{5AE5BD8D-F161-49B3-97A7-F0877E812136}.Debug|Any CPU.ActiveCfg = Debug|Any CPU
		{5AE5BD8D-F161-49B3-97A7-F0877E812136}.Debug|Any CPU.Build.0 = Debug|Any CPU
		{5AE5BD8D-F161-49B3-97A7-F0877E812136}.Release|Any CPU.ActiveCfg = Release|Any CPU
		{5AE5BD8D-F161-49B3-97A7-F0877E812136}.Release|Any CPU.Build.0 = Release|Any CPU
		{B55030EA-3526-48AE-BF4C-70888F74F227}.Debug|Any CPU.ActiveCfg = Debug|Any CPU
		{B55030EA-3526-48AE-BF4C-70888F74F227}.Debug|Any CPU.Build.0 = Debug|Any CPU
		{B55030EA-3526-48AE-BF4C-70888F74F227}.Release|Any CPU.ActiveCfg = Release|Any CPU
		{B55030EA-3526-48AE-BF4C-70888F74F227}.Release|Any CPU.Build.0 = Release|Any CPU
	EndGlobalSection
	GlobalSection(SolutionProperties) = preSolution
		HideSolutionNode = FALSE
	EndGlobalSection
	GlobalSection(ExtensibilityGlobals) = postSolution
		SolutionGuid = {61BFE28D-8FE8-4A89-8FB6-5441AF0E0174}
	EndGlobalSection
EndGlobal
